
Microsoft Visual Studio Solution File, Format Version 12.00
# Visual Studio 2013
VisualStudioVersion = 12.0.30501.0
MinimumVisualStudioVersion = 10.0.40219.1
Project("{FAE04EC0-301F-11D3-BF4B-00C04F79EFBC}") = "DotnetPatch", "DotnetPatch.csproj", "{96284113-E412-4BC5-88F8-2EDE21EC3ABD}"
EndProject
Global
	GlobalSection(SolutionConfigurationPlatforms) = preSolution
		Debug|Any CPU = Debug|Any CPU
		Release|Any CPU = Release|Any CPU
	EndGlobalSection
	GlobalSection(ProjectConfigurationPlatforms) = postSolution
		{96284113-E412-4BC5-88F8-2EDE21EC3ABD}.Debug|Any CPU.ActiveCfg = Debug|Any CPU
		{96284113-E412-4BC5-88F8-2EDE21EC3ABD}.Debug|Any CPU.Build.0 = Debug|Any CPU
		{96284113-E412-4BC5-88F8-2EDE21EC3ABD}.Release|Any CPU.ActiveCfg = Release|Any CPU
		{96284113-E412-4BC5-88F8-2EDE21EC3ABD}.Release|Any CPU.Build.0 = Release|Any CPU
	EndGlobalSection
	GlobalSection(SolutionProperties) = preSolution
		HideSolutionNode = FALSE
	EndGlobalSection
EndGlobal
